
Microsoft Visual Studio Solution File, Format Version 12.00
# Visual Studio 15
VisualStudioVersion = 15.0.27703.2000
MinimumVisualStudioVersion = 10.0.40219.1
Project("{FAE04EC0-301F-11D3-BF4B-00C04F79EFBC}") = "ServerElementsGame", "ConsoleApp2\ServerElementsGame.csproj", "{92FF9FB8-988E-49E8-B00E-A53D859C053E}"
EndProject
Global
	GlobalSection(SolutionConfigurationPlatforms) = preSolution
		Debug|Any CPU = Debug|Any CPU
		Release|Any CPU = Release|Any CPU
	EndGlobalSection
	GlobalSection(ProjectConfigurationPlatforms) = postSolution
		{92FF9FB8-988E-49E8-B00E-A53D859C053E}.Debug|Any CPU.ActiveCfg = Debug|Any CPU
		{92FF9FB8-988E-49E8-B00E-A53D859C053E}.Debug|Any CPU.Build.0 = Debug|Any CPU
		{92FF9FB8-988E-49E8-B00E-A53D859C053E}.Release|Any CPU.ActiveCfg = Release|Any CPU
		{92FF9FB8-988E-49E8-B00E-A53D859C053E}.Release|Any CPU.Build.0 = Release|Any CPU
	EndGlobalSection
	GlobalSection(SolutionProperties) = preSolution
		HideSolutionNode = FALSE
	EndGlobalSection
	GlobalSection(ExtensibilityGlobals) = postSolution
		SolutionGuid = {F8AD31A6-02A5-43B7-88A4-7FFA7A39A35D}
	EndGlobalSection
EndGlobal
